{
  "nodes": {
    "dots-hyprland": {
      "flake": false,
      "locked": {
        "lastModified": 1772006431,
        "narHash": "sha256-NuQKOKmlNoyz82jcfxXbp/n3IybyRR1Yoxa7/orPoJo=",
        "owner": "end-4",
        "repo": "dots-hyprland",
        "rev": "d11ef2adefa65b90a759a5b414f31955175fac13",
        "type": "github"
      },
      "original": {
        "owner": "end-4",
        "repo": "dots-hyprland",
        "type": "github"
      }
    },
    "dots-nixpkgs": {
      "locked": {
        "lastModified": 1746378225,
        "narHash": "sha256-OeRSuL8PUjIfL3Q0fTbNJD/fmv1R+K2JAOqWJd3Oceg=",
        "owner": "nixos",
        "repo": "nixpkgs",
        "rev": "93e8cdce7afc64297cfec447c311470788131cd9",
        "type": "github"
      },
      "original": {
        "owner": "nixos",
        "repo": "nixpkgs",
        "rev": "93e8cdce7afc64297cfec447c311470788131cd9",
        "type": "github"
      }
    },
    "dots-quickshell": {
      "inputs": {
        "nixpkgs": [
          "nixpkgs"
        ]
      },
      "locked": {
        "lastModified": 1761821581,
        "narHash": "sha256-nLuc6jA7z+H/6bHPEBSOYPbz7RtvNCZiTKmYItJuBmM=",
        "owner": "quickshell-mirror",
        "repo": "quickshell",
        "rev": "db1777c20b936a86528c1095cbcb1ebd92801402",
        "type": "github"
      },
      "original": {
        "owner": "quickshell-mirror",
        "repo": "quickshell",
        "rev": "db1777c20b936a86528c1095cbcb1ebd92801402",
        "type": "github"
      }
    },
    "dots-shapes": {
      "flake": false,
      "locked": {
        "lastModified": 1771173575,
        "narHash": "sha256-p1Ia0oQCWnik2saVMgv7IABkaJV43PoY7uuwXjXlc+Q=",
        "owner": "end-4",
        "repo": "rounded-polygon-qmljs",
        "rev": "e31ec4cb4ebf6a46b267f5c42eabf6874916fa16",
        "type": "github"
      },
      "original": {
        "owner": "end-4",
        "repo": "rounded-polygon-qmljs",
        "type": "github"
      }
    },
    "home-manager": {
      "inputs": {
        "nixpkgs": [
          "nixpkgs"
        ]
      },
      "locked": {
        "lastModified": 1771188132,
        "narHash": "sha256-qLXxN/tPrZtnekaLBQuVtxQfvqqs5cT5WbyH4zZaTGI=",
        "owner": "nix-community",
        "repo": "home-manager",
        "rev": "ae8003d8b61d0d373e7ca3da1a48f9c870d15df9",
        "type": "github"
      },
      "original": {
        "owner": "nix-community",
        "repo": "home-manager",
        "type": "github"
      }
    },
    "nixpkgs": {
      "locked": {
        "lastModified": 1771008912,
        "narHash": "sha256-gf2AmWVTs8lEq7z/3ZAsgnZDhWIckkb+ZnAo5RzSxJg=",
        "owner": "NixOS",
        "repo": "nixpkgs",
        "rev": "a82ccc39b39b621151d6732718e3e250109076fa",
        "type": "github"
      },
      "original": {
        "owner": "NixOS",
        "ref": "nixos-unstable",
        "repo": "nixpkgs",
        "type": "github"
      }
    },
    "root": {
      "inputs": {
        "dots-hyprland": "dots-hyprland",
        "dots-nixpkgs": "dots-nixpkgs",
        "dots-quickshell": "dots-quickshell",
        "dots-shapes": "dots-shapes",
        "home-manager": "home-manager",
        "nixpkgs": "nixpkgs"
      }
    }
  },
  "root": "root",
  "version": 7
}
